
Microsoft Visual Studio Solution File, Format Version 12.00
# Visual Studio Version 17
VisualStudioVersion = 17.11.35312.102
MinimumVisualStudioVersion = 10.0.40219.1
Project("{FAE04EC0-301F-11D3-BF4B-00C04F79EFBC}") = "Navel_battle_4.0", "Navel_battle_4.0.csproj", "{448F666E-105C-483C-A12F-04216C3E888C}"
	ProjectSection(ProjectDependencies) = postProject
		{8C1903F2-6080-4B0F-BB32-C291F083B61B} = {8C1903F2-6080-4B0F-BB32-C291F083B61B}
		{8CB088B1-8C86-4922-9699-A78565DCAE28} = {8CB088B1-8C86-4922-9699-A78565DCAE28}
		{F2BE6C0F-31FC-474A-AB9A-CE71F452F1A9} = {F2BE6C0F-31FC-474A-AB9A-CE71F452F1A9}
	EndProjectSection
EndProject
Project("{FAE04EC0-301F-11D3-BF4B-00C04F79EFBC}") = "NetworkGameForm", "NetworkGameForm\NetworkGameForm.csproj", "{F2BE6C0F-31FC-474A-AB9A-CE71F452F1A9}"
EndProject
Project("{FAE04EC0-301F-11D3-BF4B-00C04F79EFBC}") = "SingleGameForm", "SingleGameForm\SingleGameForm.csproj", "{8C1903F2-6080-4B0F-BB32-C291F083B61B}"
EndProject
Project("{FAE04EC0-301F-11D3-BF4B-00C04F79EFBC}") = "InstructionForm", "InstructionForm\InstructionForm.csproj", "{8CB088B1-8C86-4922-9699-A78565DCAE28}"
EndProject
Global
	GlobalSection(SolutionConfigurationPlatforms) = preSolution
		Debug|Any CPU = Debug|Any CPU
		Release|Any CPU = Release|Any CPU
	EndGlobalSection
	GlobalSection(ProjectConfigurationPlatforms) = postSolution
		{448F666E-105C-483C-A12F-04216C3E888C}.Debug|Any CPU.ActiveCfg = Debug|Any CPU
		{448F666E-105C-483C-A12F-04216C3E888C}.Debug|Any CPU.Build.0 = Debug|Any CPU
		{448F666E-105C-483C-A12F-04216C3E888C}.Release|Any CPU.ActiveCfg = Release|Any CPU
		{448F666E-105C-483C-A12F-04216C3E888C}.Release|Any CPU.Build.0 = Release|Any CPU
		{F2BE6C0F-31FC-474A-AB9A-CE71F452F1A9}.Debug|Any CPU.ActiveCfg = Debug|Any CPU
		{F2BE6C0F-31FC-474A-AB9A-CE71F452F1A9}.Debug|Any CPU.Build.0 = Debug|Any CPU
		{F2BE6C0F-31FC-474A-AB9A-CE71F452F1A9}.Release|Any CPU.ActiveCfg = Release|Any CPU
		{F2BE6C0F-31FC-474A-AB9A-CE71F452F1A9}.Release|Any CPU.Build.0 = Release|Any CPU
		{8C1903F2-6080-4B0F-BB32-C291F083B61B}.Debug|Any CPU.ActiveCfg = Debug|Any CPU
		{8C1903F2-6080-4B0F-BB32-C291F083B61B}.Debug|Any CPU.Build.0 = Debug|Any CPU
		{8C1903F2-6080-4B0F-BB32-C291F083B61B}.Release|Any CPU.ActiveCfg = Release|Any CPU
		{8C1903F2-6080-4B0F-BB32-C291F083B61B}.Release|Any CPU.Build.0 = Release|Any CPU
		{8CB088B1-8C86-4922-9699-A78565DCAE28}.Debug|Any CPU.ActiveCfg = Debug|Any CPU
		{8CB088B1-8C86-4922-9699-A78565DCAE28}.Debug|Any CPU.Build.0 = Debug|Any CPU
		{8CB088B1-8C86-4922-9699-A78565DCAE28}.Release|Any CPU.ActiveCfg = Release|Any CPU
		{8CB088B1-8C86-4922-9699-A78565DCAE28}.Release|Any CPU.Build.0 = Release|Any CPU
	EndGlobalSection
	GlobalSection(SolutionProperties) = preSolution
		HideSolutionNode = FALSE
	EndGlobalSection
	GlobalSection(ExtensibilityGlobals) = postSolution
		SolutionGuid = {DDE8F522-A7E1-4D81-B0B4-C887FE309302}
	EndGlobalSection
EndGlobal
